
Microsoft Visual Studio Solution File, Format Version 12.00
# Visual Studio 15
VisualStudioVersion = 15.0.27004.2008
MinimumVisualStudioVersion = 10.0.40219.1
Project("{FAE04EC0-301F-11D3-BF4B-00C04F79EFBC}") = "KeypadHostMIDI", "KeypadHostMIDI.csproj", "{40A37959-71D3-42A3-A009-2C5553D8B3F2}"
EndProject
Global
	GlobalSection(SolutionConfigurationPlatforms) = preSolution
		Debug|Any CPU = Debug|Any CPU
		Release|Any CPU = Release|Any CPU
	EndGlobalSection
	GlobalSection(ProjectConfigurationPlatforms) = postSolution
		{40A37959-71D3-42A3-A009-2C5553D8B3F2}.Debug|Any CPU.ActiveCfg = Debug|Any CPU
		{40A37959-71D3-42A3-A009-2C5553D8B3F2}.Debug|Any CPU.Build.0 = Debug|Any CPU
		{40A37959-71D3-42A3-A009-2C5553D8B3F2}.Release|Any CPU.ActiveCfg = Release|Any CPU
		{40A37959-71D3-42A3-A009-2C5553D8B3F2}.Release|Any CPU.Build.0 = Release|Any CPU
	EndGlobalSection
	GlobalSection(SolutionProperties) = preSolution
		HideSolutionNode = FALSE
	EndGlobalSection
	GlobalSection(ExtensibilityGlobals) = postSolution
		SolutionGuid = {675554FE-B1E0-4904-9F13-40A7EEA1E501}
	EndGlobalSection
EndGlobal
